
Microsoft Visual Studio Solution File, Format Version 12.00
# Visual Studio Version 17
VisualStudioVersion = 17.10.35027.167
MinimumVisualStudioVersion = 10.0.40219.1
Project("{2150E333-8FDC-42A3-9474-1A3956D46DE8}") = "Bootstrapper", "Bootstrapper", "{60904076-F48C-4A8F-BF39-967D3092BE72}"
EndProject
Project("{2150E333-8FDC-42A3-9474-1A3956D46DE8}") = "Modules", "Modules", "{4E546D2B-08B2-4984-B22B-2EE2A0B1935D}"
EndProject
Project("{2150E333-8FDC-42A3-9474-1A3956D46DE8}") = "Shared", "Shared", "{403C4387-E935-4110-ABE3-EDDE17DDFCD7}"
EndProject
Project("{9A19103F-16F7-4668-BE54-9A1E7A4F7556}") = "Api", "Bootstrapper\Api\Api.csproj", "{71B767C5-5B2A-4CCE-B0D3-FCC3BF521120}"
EndProject
Project("{2150E333-8FDC-42A3-9474-1A3956D46DE8}") = "Dormitory", "Dormitory", "{14165509-61F3-4A63-9B95-9D9E82B60750}"
EndProject
Project("{2150E333-8FDC-42A3-9474-1A3956D46DE8}") = "Reservation", "Reservation", "{11AB1EF1-1195-41F9-9965-5F9A9ACC0C30}"
EndProject
Project("{9A19103F-16F7-4668-BE54-9A1E7A4F7556}") = "Dormitories", "Modules\Dormitory\Dormitories\Dormitories.csproj", "{1371F5A7-58D1-4795-AE25-6EC39656D6C1}"
EndProject
Project("{9A19103F-16F7-4668-BE54-9A1E7A4F7556}") = "Reservation", "Modules\Reservation\Reservation\Reservation.csproj", "{6D2C94F4-FD10-4D58-A390-C6E174B1EE3C}"
EndProject
Project("{9A19103F-16F7-4668-BE54-9A1E7A4F7556}") = "Shared", "Shared\Shared\Shared.csproj", "{DD5AE3F2-6019-4A93-96FE-BE731F304EEC}"
EndProject
Project("{E53339B2-1760-4266-BCC7-CA923CBCF16C}") = "docker-compose", "docker-compose.dcproj", "{1E342A8D-F334-4D4B-AAE7-FB40C09C9289}"
EndProject
Project("{2150E333-8FDC-42A3-9474-1A3956D46DE8}") = "Identity", "Identity", "{E9BC6078-24D3-400F-902F-71676191D516}"
EndProject
Project("{FAE04EC0-301F-11D3-BF4B-00C04F79EFBC}") = "Identity", "Modules\Identity\Identity\Identity.csproj", "{9D4635D9-5D38-4464-A4B1-19BAF9CEE18D}"
EndProject
Global
	GlobalSection(SolutionConfigurationPlatforms) = preSolution
		Debug|Any CPU = Debug|Any CPU
		Release|Any CPU = Release|Any CPU
	EndGlobalSection
	GlobalSection(ProjectConfigurationPlatforms) = postSolution
		{71B767C5-5B2A-4CCE-B0D3-FCC3BF521120}.Debug|Any CPU.ActiveCfg = Debug|Any CPU
		{71B767C5-5B2A-4CCE-B0D3-FCC3BF521120}.Debug|Any CPU.Build.0 = Debug|Any CPU
		{71B767C5-5B2A-4CCE-B0D3-FCC3BF521120}.Release|Any CPU.ActiveCfg = Release|Any CPU
		{71B767C5-5B2A-4CCE-B0D3-FCC3BF521120}.Release|Any CPU.Build.0 = Release|Any CPU
		{1371F5A7-58D1-4795-AE25-6EC39656D6C1}.Debug|Any CPU.ActiveCfg = Debug|Any CPU
		{1371F5A7-58D1-4795-AE25-6EC39656D6C1}.Debug|Any CPU.Build.0 = Debug|Any CPU
		{1371F5A7-58D1-4795-AE25-6EC39656D6C1}.Release|Any CPU.ActiveCfg = Release|Any CPU
		{1371F5A7-58D1-4795-AE25-6EC39656D6C1}.Release|Any CPU.Build.0 = Release|Any CPU
		{6D2C94F4-FD10-4D58-A390-C6E174B1EE3C}.Debug|Any CPU.ActiveCfg = Debug|Any CPU
		{6D2C94F4-FD10-4D58-A390-C6E174B1EE3C}.Debug|Any CPU.Build.0 = Debug|Any CPU
		{6D2C94F4-FD10-4D58-A390-C6E174B1EE3C}.Release|Any CPU.ActiveCfg = Release|Any CPU
		{6D2C94F4-FD10-4D58-A390-C6E174B1EE3C}.Release|Any CPU.Build.0 = Release|Any CPU
		{DD5AE3F2-6019-4A93-96FE-BE731F304EEC}.Debug|Any CPU.ActiveCfg = Debug|Any CPU
		{DD5AE3F2-6019-4A93-96FE-BE731F304EEC}.Debug|Any CPU.Build.0 = Debug|Any CPU
		{DD5AE3F2-6019-4A93-96FE-BE731F304EEC}.Release|Any CPU.ActiveCfg = Release|Any CPU
		{DD5AE3F2-6019-4A93-96FE-BE731F304EEC}.Release|Any CPU.Build.0 = Release|Any CPU
		{1E342A8D-F334-4D4B-AAE7-FB40C09C9289}.Debug|Any CPU.ActiveCfg = Debug|Any CPU
		{1E342A8D-F334-4D4B-AAE7-FB40C09C9289}.Debug|Any CPU.Build.0 = Debug|Any CPU
		{1E342A8D-F334-4D4B-AAE7-FB40C09C9289}.Release|Any CPU.ActiveCfg = Release|Any CPU
		{1E342A8D-F334-4D4B-AAE7-FB40C09C9289}.Release|Any CPU.Build.0 = Release|Any CPU
		{9D4635D9-5D38-4464-A4B1-19BAF9CEE18D}.Debug|Any CPU.ActiveCfg = Debug|Any CPU
		{9D4635D9-5D38-4464-A4B1-19BAF9CEE18D}.Debug|Any CPU.Build.0 = Debug|Any CPU
		{9D4635D9-5D38-4464-A4B1-19BAF9CEE18D}.Release|Any CPU.ActiveCfg = Release|Any CPU
		{9D4635D9-5D38-4464-A4B1-19BAF9CEE18D}.Release|Any CPU.Build.0 = Release|Any CPU
	EndGlobalSection
	GlobalSection(SolutionProperties) = preSolution
		HideSolutionNode = FALSE
	EndGlobalSection
	GlobalSection(NestedProjects) = preSolution
		{71B767C5-5B2A-4CCE-B0D3-FCC3BF521120} = {60904076-F48C-4A8F-BF39-967D3092BE72}
		{14165509-61F3-4A63-9B95-9D9E82B60750} = {4E546D2B-08B2-4984-B22B-2EE2A0B1935D}
		{11AB1EF1-1195-41F9-9965-5F9A9ACC0C30} = {4E546D2B-08B2-4984-B22B-2EE2A0B1935D}
		{1371F5A7-58D1-4795-AE25-6EC39656D6C1} = {14165509-61F3-4A63-9B95-9D9E82B60750}
		{6D2C94F4-FD10-4D58-A390-C6E174B1EE3C} = {11AB1EF1-1195-41F9-9965-5F9A9ACC0C30}
		{DD5AE3F2-6019-4A93-96FE-BE731F304EEC} = {403C4387-E935-4110-ABE3-EDDE17DDFCD7}
		{E9BC6078-24D3-400F-902F-71676191D516} = {4E546D2B-08B2-4984-B22B-2EE2A0B1935D}
		{9D4635D9-5D38-4464-A4B1-19BAF9CEE18D} = {E9BC6078-24D3-400F-902F-71676191D516}
	EndGlobalSection
EndGlobal
