
Microsoft Visual Studio Solution File, Format Version 12.00
Project("{2150E333-8FDC-42A3-9474-1A3956D46DE8}") = "Bootstrapper", "Bootstrapper", "{60904076-F48C-4A8F-BF39-967D3092BE72}"
EndProject
Project("{2150E333-8FDC-42A3-9474-1A3956D46DE8}") = "Modules", "Modules", "{4E546D2B-08B2-4984-B22B-2EE2A0B1935D}"
EndProject
Project("{2150E333-8FDC-42A3-9474-1A3956D46DE8}") = "Shared", "Shared", "{403C4387-E935-4110-ABE3-EDDE17DDFCD7}"
EndProject
Project("{FAE04EC0-301F-11D3-BF4B-00C04F79EFBC}") = "Api", "Bootstrapper\Api\Api.csproj", "{71B767C5-5B2A-4CCE-B0D3-FCC3BF521120}"
EndProject
Project("{2150E333-8FDC-42A3-9474-1A3956D46DE8}") = "Dormitory", "Dormitory", "{14165509-61F3-4A63-9B95-9D9E82B60750}"
EndProject
Project("{2150E333-8FDC-42A3-9474-1A3956D46DE8}") = "Reservation", "Reservation", "{11AB1EF1-1195-41F9-9965-5F9A9ACC0C30}"
EndProject
Project("{FAE04EC0-301F-11D3-BF4B-00C04F79EFBC}") = "Dormitory", "Modules\Dormitory\Dormitory\Dormitory.csproj", "{1371F5A7-58D1-4795-AE25-6EC39656D6C1}"
EndProject
Project("{FAE04EC0-301F-11D3-BF4B-00C04F79EFBC}") = "Reservation", "Modules\Reservation\Reservation\Reservation.csproj", "{6D2C94F4-FD10-4D58-A390-C6E174B1EE3C}"
EndProject
Project("{2150E333-8FDC-42A3-9474-1A3956D46DE8}") = "User", "User", "{C581771F-643E-4750-97CB-7ECDE516880F}"
EndProject
Project("{FAE04EC0-301F-11D3-BF4B-00C04F79EFBC}") = "User", "Modules\User\User\User.csproj", "{A764E6CA-2ECD-475C-BCEE-85E6368D2427}"
EndProject
Project("{FAE04EC0-301F-11D3-BF4B-00C04F79EFBC}") = "Shared", "Shared\Shared\Shared.csproj", "{DD5AE3F2-6019-4A93-96FE-BE731F304EEC}"
EndProject
Global
	GlobalSection(SolutionConfigurationPlatforms) = preSolution
		Debug|Any CPU = Debug|Any CPU
		Release|Any CPU = Release|Any CPU
	EndGlobalSection
	GlobalSection(NestedProjects) = preSolution
		{71B767C5-5B2A-4CCE-B0D3-FCC3BF521120} = {60904076-F48C-4A8F-BF39-967D3092BE72}
		{14165509-61F3-4A63-9B95-9D9E82B60750} = {4E546D2B-08B2-4984-B22B-2EE2A0B1935D}
		{11AB1EF1-1195-41F9-9965-5F9A9ACC0C30} = {4E546D2B-08B2-4984-B22B-2EE2A0B1935D}
		{1371F5A7-58D1-4795-AE25-6EC39656D6C1} = {14165509-61F3-4A63-9B95-9D9E82B60750}
		{6D2C94F4-FD10-4D58-A390-C6E174B1EE3C} = {11AB1EF1-1195-41F9-9965-5F9A9ACC0C30}
		{C581771F-643E-4750-97CB-7ECDE516880F} = {4E546D2B-08B2-4984-B22B-2EE2A0B1935D}
		{A764E6CA-2ECD-475C-BCEE-85E6368D2427} = {C581771F-643E-4750-97CB-7ECDE516880F}
		{DD5AE3F2-6019-4A93-96FE-BE731F304EEC} = {403C4387-E935-4110-ABE3-EDDE17DDFCD7}
	EndGlobalSection
	GlobalSection(ProjectConfigurationPlatforms) = postSolution
		{71B767C5-5B2A-4CCE-B0D3-FCC3BF521120}.Debug|Any CPU.ActiveCfg = Debug|Any CPU
		{71B767C5-5B2A-4CCE-B0D3-FCC3BF521120}.Debug|Any CPU.Build.0 = Debug|Any CPU
		{71B767C5-5B2A-4CCE-B0D3-FCC3BF521120}.Release|Any CPU.ActiveCfg = Release|Any CPU
		{71B767C5-5B2A-4CCE-B0D3-FCC3BF521120}.Release|Any CPU.Build.0 = Release|Any CPU
		{1371F5A7-58D1-4795-AE25-6EC39656D6C1}.Debug|Any CPU.ActiveCfg = Debug|Any CPU
		{1371F5A7-58D1-4795-AE25-6EC39656D6C1}.Debug|Any CPU.Build.0 = Debug|Any CPU
		{1371F5A7-58D1-4795-AE25-6EC39656D6C1}.Release|Any CPU.ActiveCfg = Release|Any CPU
		{1371F5A7-58D1-4795-AE25-6EC39656D6C1}.Release|Any CPU.Build.0 = Release|Any CPU
		{6D2C94F4-FD10-4D58-A390-C6E174B1EE3C}.Debug|Any CPU.ActiveCfg = Debug|Any CPU
		{6D2C94F4-FD10-4D58-A390-C6E174B1EE3C}.Debug|Any CPU.Build.0 = Debug|Any CPU
		{6D2C94F4-FD10-4D58-A390-C6E174B1EE3C}.Release|Any CPU.ActiveCfg = Release|Any CPU
		{6D2C94F4-FD10-4D58-A390-C6E174B1EE3C}.Release|Any CPU.Build.0 = Release|Any CPU
		{A764E6CA-2ECD-475C-BCEE-85E6368D2427}.Debug|Any CPU.ActiveCfg = Debug|Any CPU
		{A764E6CA-2ECD-475C-BCEE-85E6368D2427}.Debug|Any CPU.Build.0 = Debug|Any CPU
		{A764E6CA-2ECD-475C-BCEE-85E6368D2427}.Release|Any CPU.ActiveCfg = Release|Any CPU
		{A764E6CA-2ECD-475C-BCEE-85E6368D2427}.Release|Any CPU.Build.0 = Release|Any CPU
		{DD5AE3F2-6019-4A93-96FE-BE731F304EEC}.Debug|Any CPU.ActiveCfg = Debug|Any CPU
		{DD5AE3F2-6019-4A93-96FE-BE731F304EEC}.Debug|Any CPU.Build.0 = Debug|Any CPU
		{DD5AE3F2-6019-4A93-96FE-BE731F304EEC}.Release|Any CPU.ActiveCfg = Release|Any CPU
		{DD5AE3F2-6019-4A93-96FE-BE731F304EEC}.Release|Any CPU.Build.0 = Release|Any CPU
	EndGlobalSection
EndGlobal
